
Microsoft Visual Studio Solution File, Format Version 12.00
# Visual Studio 14
VisualStudioVersion = 14.0.24720.0
MinimumVisualStudioVersion = 10.0.40219.1
Project("{FAE04EC0-301F-11D3-BF4B-00C04F79EFBC}") = "Main_OpenGL", "Main_OpenGL\Main_OpenGL.csproj", "{60281395-7D27-4AB6-B480-2DE0B61A45ED}"
EndProject
Project("{FAE04EC0-301F-11D3-BF4B-00C04F79EFBC}") = "OpenTKTutorial3", "OpenTKTutorial3\OpenTKTutorial3.csproj", "{21B8CA49-D1C2-45EA-93A1-6D8EA6869A57}"
EndProject
Project("{FAE04EC0-301F-11D3-BF4B-00C04F79EFBC}") = "OpenTKTutorial4", "OpenTKTutorial4\OpenTKTutorial4.csproj", "{F859FAA0-A8D8-4231-B33D-C66D11F4B38B}"
EndProject
Project("{FAE04EC0-301F-11D3-BF4B-00C04F79EFBC}") = "OpenTKTutorial5", "OpenTKTutorial5\OpenTKTutorial5.csproj", "{48D7D342-67D8-4E8D-B7FB-710B206E3C12}"
EndProject
Global
	GlobalSection(SolutionConfigurationPlatforms) = preSolution
		Debug|Any CPU = Debug|Any CPU
		Release|Any CPU = Release|Any CPU
	EndGlobalSection
	GlobalSection(ProjectConfigurationPlatforms) = postSolution
		{60281395-7D27-4AB6-B480-2DE0B61A45ED}.Debug|Any CPU.ActiveCfg = Debug|Any CPU
		{60281395-7D27-4AB6-B480-2DE0B61A45ED}.Debug|Any CPU.Build.0 = Debug|Any CPU
		{60281395-7D27-4AB6-B480-2DE0B61A45ED}.Release|Any CPU.ActiveCfg = Release|Any CPU
		{60281395-7D27-4AB6-B480-2DE0B61A45ED}.Release|Any CPU.Build.0 = Release|Any CPU
		{21B8CA49-D1C2-45EA-93A1-6D8EA6869A57}.Debug|Any CPU.ActiveCfg = Debug|Any CPU
		{21B8CA49-D1C2-45EA-93A1-6D8EA6869A57}.Debug|Any CPU.Build.0 = Debug|Any CPU
		{21B8CA49-D1C2-45EA-93A1-6D8EA6869A57}.Release|Any CPU.ActiveCfg = Release|Any CPU
		{21B8CA49-D1C2-45EA-93A1-6D8EA6869A57}.Release|Any CPU.Build.0 = Release|Any CPU
		{F859FAA0-A8D8-4231-B33D-C66D11F4B38B}.Debug|Any CPU.ActiveCfg = Debug|Any CPU
		{F859FAA0-A8D8-4231-B33D-C66D11F4B38B}.Debug|Any CPU.Build.0 = Debug|Any CPU
		{F859FAA0-A8D8-4231-B33D-C66D11F4B38B}.Release|Any CPU.ActiveCfg = Release|Any CPU
		{F859FAA0-A8D8-4231-B33D-C66D11F4B38B}.Release|Any CPU.Build.0 = Release|Any CPU
		{48D7D342-67D8-4E8D-B7FB-710B206E3C12}.Debug|Any CPU.ActiveCfg = Debug|Any CPU
		{48D7D342-67D8-4E8D-B7FB-710B206E3C12}.Debug|Any CPU.Build.0 = Debug|Any CPU
		{48D7D342-67D8-4E8D-B7FB-710B206E3C12}.Release|Any CPU.ActiveCfg = Release|Any CPU
		{48D7D342-67D8-4E8D-B7FB-710B206E3C12}.Release|Any CPU.Build.0 = Release|Any CPU
	EndGlobalSection
	GlobalSection(SolutionProperties) = preSolution
		HideSolutionNode = FALSE
	EndGlobalSection
EndGlobal
